
Microsoft Visual Studio Solution File, Format Version 12.00
# Visual Studio Version 17
VisualStudioVersion = 17.5.33502.453
MinimumVisualStudioVersion = 10.0.40219.1
Project("{9A19103F-16F7-4668-BE54-9A1E7A4F7556}") = "LoftyRoomsApi", "LoftyRoomsApi\LoftyRoomsApi.csproj", "{5F1A9D76-7687-45D2-B978-6ECFA1C39263}"
EndProject
Project("{9A19103F-16F7-4668-BE54-9A1E7A4F7556}") = "LoftyRoomsDAL", "LoftyRoomsDAL\LoftyRoomsDAL.csproj", "{5C7236DB-78FB-46F4-B896-9214914AD4C7}"
EndProject
Project("{9A19103F-16F7-4668-BE54-9A1E7A4F7556}") = "LoftyRoomsModel", "LoftyRoomsModel\LoftyRoomsModel.csproj", "{6FFEBDAB-B2B3-42E5-A73E-0A8D15CE2D64}"
EndProject
Global
	GlobalSection(SolutionConfigurationPlatforms) = preSolution
		Debug|Any CPU = Debug|Any CPU
		Release|Any CPU = Release|Any CPU
	EndGlobalSection
	GlobalSection(ProjectConfigurationPlatforms) = postSolution
		{5F1A9D76-7687-45D2-B978-6ECFA1C39263}.Debug|Any CPU.ActiveCfg = Debug|Any CPU
		{5F1A9D76-7687-45D2-B978-6ECFA1C39263}.Debug|Any CPU.Build.0 = Debug|Any CPU
		{5F1A9D76-7687-45D2-B978-6ECFA1C39263}.Release|Any CPU.ActiveCfg = Release|Any CPU
		{5F1A9D76-7687-45D2-B978-6ECFA1C39263}.Release|Any CPU.Build.0 = Release|Any CPU
		{5C7236DB-78FB-46F4-B896-9214914AD4C7}.Debug|Any CPU.ActiveCfg = Debug|Any CPU
		{5C7236DB-78FB-46F4-B896-9214914AD4C7}.Debug|Any CPU.Build.0 = Debug|Any CPU
		{5C7236DB-78FB-46F4-B896-9214914AD4C7}.Release|Any CPU.ActiveCfg = Release|Any CPU
		{5C7236DB-78FB-46F4-B896-9214914AD4C7}.Release|Any CPU.Build.0 = Release|Any CPU
		{6FFEBDAB-B2B3-42E5-A73E-0A8D15CE2D64}.Debug|Any CPU.ActiveCfg = Debug|Any CPU
		{6FFEBDAB-B2B3-42E5-A73E-0A8D15CE2D64}.Debug|Any CPU.Build.0 = Debug|Any CPU
		{6FFEBDAB-B2B3-42E5-A73E-0A8D15CE2D64}.Release|Any CPU.ActiveCfg = Release|Any CPU
		{6FFEBDAB-B2B3-42E5-A73E-0A8D15CE2D64}.Release|Any CPU.Build.0 = Release|Any CPU
	EndGlobalSection
	GlobalSection(SolutionProperties) = preSolution
		HideSolutionNode = FALSE
	EndGlobalSection
	GlobalSection(ExtensibilityGlobals) = postSolution
		SolutionGuid = {FAD85D5C-62D6-480A-AC86-CAC85CE46D52}
	EndGlobalSection
EndGlobal
